// !$*UTF8*$!
{
	archiveVersion = 1;
	classes = {
	};
	objectVersion = 50;
	objects = {

/* Begin PBXBuildFile section */
		F6CDF788233D53B00091F622 /* AppDelegate.swift in Sources */ = {isa = PBXBuildFile; fileRef = F6CDF787233D53B00091F622 /* AppDelegate.swift */; };
		F6CDF78A233D53B00091F622 /* SceneDelegate.swift in Sources */ = {isa = PBXBuildFile; fileRef = F6CDF789233D53B00091F622 /* SceneDelegate.swift */; };
		F6CDF78D233D53B00091F622 /* dynamicFeed_SwiftUI.xcdatamodeld in Sources */ = {isa = PBXBuildFile; fileRef = F6CDF78B233D53B00091F622 /* dynamicFeed_SwiftUI.xcdatamodeld */; };
		F6CDF78F233D53B00091F622 /* ContentView.swift in Sources */ = {isa = PBXBuildFile; fileRef = F6CDF78E233D53B00091F622 /* ContentView.swift */; };
		F6CDF791233D53B10091F622 /* Assets.xcassets in Resources */ = {isa = PBXBuildFile; fileRef = F6CDF790233D53B10091F622 /* Assets.xcassets */; };
		F6CDF794233D53B10091F622 /* Preview Assets.xcassets in Resources */ = {isa = PBXBuildFile; fileRef = F6CDF793233D53B10091F622 /* Preview Assets.xcassets */; };
		F6CDF797233D53B10091F622 /* LaunchScreen.storyboard in Resources */ = {isa = PBXBuildFile; fileRef = F6CDF795233D53B10091F622 /* LaunchScreen.storyboard */; };
		F6CDF7A2233D53B10091F622 /* dynamicFeed_SwiftUITests.swift in Sources */ = {isa = PBXBuildFile; fileRef = F6CDF7A1233D53B10091F622 /* dynamicFeed_SwiftUITests.swift */; };
		F6CDF7AD233D53B10091F622 /* dynamicFeed_SwiftUIUITests.swift in Sources */ = {isa = PBXBuildFile; fileRef = F6CDF7AC233D53B10091F622 /* dynamicFeed_SwiftUIUITests.swift */; };
		F6CDF7BE233E413B0091F622 /* CardView.swift in Sources */ = {isa = PBXBuildFile; fileRef = F6CDF7BD233E413B0091F622 /* CardView.swift */; };
		F6CDF7C0233E42840091F622 /* CertificateView.swift in Sources */ = {isa = PBXBuildFile; fileRef = F6CDF7BF233E42840091F622 /* CertificateView.swift */; };
		F6CDF7C2233E4C6E0091F622 /* TitleView.swift in Sources */ = {isa = PBXBuildFile; fileRef = F6CDF7C1233E4C6E0091F622 /* TitleView.swift */; };
		F6CDF7C4233E4CAC0091F622 /* CardBottomView.swift in Sources */ = {isa = PBXBuildFile; fileRef = F6CDF7C3233E4CAC0091F622 /* CardBottomView.swift */; };
/* End PBXBuildFile section */

/* Begin PBXContainerItemProxy section */
		F6CDF79E233D53B10091F622 /* PBXContainerItemProxy */ = {
			isa = PBXContainerItemProxy;
			containerPortal = F6CDF77C233D53B00091F622 /* Project object */;
			proxyType = 1;
			remoteGlobalIDString = F6CDF783233D53B00091F622;
			remoteInfo = dynamicFeed_SwiftUI;
		};
		F6CDF7A9233D53B10091F622 /* PBXContainerItemProxy */ = {
			isa = PBXContainerItemProxy;
			containerPortal = F6CDF77C233D53B00091F622 /* Project object */;
			proxyType = 1;
			remoteGlobalIDString = F6CDF783233D53B00091F622;
			remoteInfo = dynamicFeed_SwiftUI;
		};
/* End PBXContainerItemProxy section */

/* Begin PBXFileReference section */
		F6CDF784233D53B00091F622 /* dynamicFeed_SwiftUI.app */ = {isa = PBXFileReference; explicitFileType = wrapper.application; includeInIndex = 0; path = dynamicFeed_SwiftUI.app; sourceTree = BUILT_PRODUCTS_DIR; };
		F6CDF787233D53B00091F622 /* AppDelegate.swift */ = {isa = PBXFileReference; lastKnownFileType = sourcecode.swift; path = AppDelegate.swift; sourceTree = "<group>"; };
		F6CDF789233D53B00091F622 /* SceneDelegate.swift */ = {isa = PBXFileReference; lastKnownFileType = sourcecode.swift; path = SceneDelegate.swift; sourceTree = "<group>"; };
		F6CDF78C233D53B00091F622 /* dynamicFeed_SwiftUI.xcdatamodel */ = {isa = PBXFileReference; lastKnownFileType = wrapper.xcdatamodel; path = dynamicFeed_SwiftUI.xcdatamodel; sourceTree = "<group>"; };
		F6CDF78E233D53B00091F622 /* ContentView.swift */ = {isa = PBXFileReference; lastKnownFileType = sourcecode.swift; path = ContentView.swift; sourceTree = "<group>"; };
		F6CDF790233D53B10091F622 /* Assets.xcassets */ = {isa = PBXFileReference; lastKnownFileType = folder.assetcatalog; path = Assets.xcassets; sourceTree = "<group>"; };
		F6CDF793233D53B10091F622 /* Preview Assets.xcassets */ = {isa = PBXFileReference; lastKnownFileType = folder.assetcatalog; path = "Preview Assets.xcassets"; sourceTree = "<group>"; };
		F6CDF796233D53B10091F622 /* Base */ = {isa = PBXFileReference; lastKnownFileType = file.storyboard; name = Base; path = Base.lproj/LaunchScreen.storyboard; sourceTree = "<group>"; };
		F6CDF798233D53B10091F622 /* Info.plist */ = {isa = PBXFileReference; lastKnownFileType = text.plist.xml; path = Info.plist; sourceTree = "<group>"; };
		F6CDF79D233D53B10091F622 /* dynamicFeed_SwiftUITests.xctest */ = {isa = PBXFileReference; explicitFileType = wrapper.cfbundle; includeInIndex = 0; path = dynamicFeed_SwiftUITests.xctest; sourceTree = BUILT_PRODUCTS_DIR; };
		F6CDF7A1233D53B10091F622 /* dynamicFeed_SwiftUITests.swift */ = {isa = PBXFileReference; lastKnownFileType = sourcecode.swift; path = dynamicFeed_SwiftUITests.swift; sourceTree = "<group>"; };
		F6CDF7A3233D53B10091F622 /* Info.plist */ = {isa = PBXFileReference; lastKnownFileType = text.plist.xml; path = Info.plist; sourceTree = "<group>"; };
		F6CDF7A8233D53B10091F622 /* dynamicFeed_SwiftUIUITests.xctest */ = {isa = PBXFileReference; explicitFileType = wrapper.cfbundle; includeInIndex = 0; path = dynamicFeed_SwiftUIUITests.xctest; sourceTree = BUILT_PRODUCTS_DIR; };
		F6CDF7AC233D53B10091F622 /* dynamicFeed_SwiftUIUITests.swift */ = {isa = PBXFileReference; lastKnownFileType = sourcecode.swift; path = dynamicFeed_SwiftUIUITests.swift; sourceTree = "<group>"; };
		F6CDF7AE233D53B10091F622 /* Info.plist */ = {isa = PBXFileReference; lastKnownFileType = text.plist.xml; path = Info.plist; sourceTree = "<group>"; };
		F6CDF7BD233E413B0091F622 /* CardView.swift */ = {isa = PBXFileReference; lastKnownFileType = sourcecode.swift; path = CardView.swift; sourceTree = "<group>"; };
		F6CDF7BF233E42840091F622 /* CertificateView.swift */ = {isa = PBXFileReference; lastKnownFileType = sourcecode.swift; path = CertificateView.swift; sourceTree = "<group>"; };
		F6CDF7C1233E4C6E0091F622 /* TitleView.swift */ = {isa = PBXFileReference; lastKnownFileType = sourcecode.swift; path = TitleView.swift; sourceTree = "<group>"; };
		F6CDF7C3233E4CAC0091F622 /* CardBottomView.swift */ = {isa = PBXFileReference; lastKnownFileType = sourcecode.swift; path = CardBottomView.swift; sourceTree = "<group>"; };
/* End PBXFileReference section */

/* Begin PBXFrameworksBuildPhase section */
		F6CDF781233D53B00091F622 /* Frameworks */ = {
			isa = PBXFrameworksBuildPhase;
			buildActionMask = 2147483647;
			files = (
			);
			runOnlyForDeploymentPostprocessing = 0;
		};
		F6CDF79A233D53B10091F622 /* Frameworks */ = {
			isa = PBXFrameworksBuildPhase;
			buildActionMask = 2147483647;
			files = (
			);
			runOnlyForDeploymentPostprocessing = 0;
		};
		F6CDF7A5233D53B10091F622 /* Frameworks */ = {
			isa = PBXFrameworksBuildPhase;
			buildActionMask = 2147483647;
			files = (
			);
			runOnlyForDeploymentPostprocessing = 0;
		};
/* End PBXFrameworksBuildPhase section */

/* Begin PBXGroup section */
		F6CDF77B233D53B00091F622 = {
			isa = PBXGroup;
			children = (
				F6CDF786233D53B00091F622 /* dynamicFeed_SwiftUI */,
				F6CDF7A0233D53B10091F622 /* dynamicFeed_SwiftUITests */,
				F6CDF7AB233D53B10091F622 /* dynamicFeed_SwiftUIUITests */,
				F6CDF785233D53B00091F622 /* Products */,
			);
			sourceTree = "<group>";
		};
		F6CDF785233D53B00091F622 /* Products */ = {
			isa = PBXGroup;
			children = (
				F6CDF784233D53B00091F622 /* dynamicFeed_SwiftUI.app */,
				F6CDF79D233D53B10091F622 /* dynamicFeed_SwiftUITests.xctest */,
				F6CDF7A8233D53B10091F622 /* dynamicFeed_SwiftUIUITests.xctest */,
			);
			name = Products;
			sourceTree = "<group>";
		};
		F6CDF786233D53B00091F622 /* dynamicFeed_SwiftUI */ = {
			isa = PBXGroup;
			children = (
				F6CDF7BC233E412E0091F622 /* Controller */,
				F6CDF7BB233E41280091F622 /* View */,
				F6CDF7BA233E41220091F622 /* Model */,
				F6CDF787233D53B00091F622 /* AppDelegate.swift */,
				F6CDF78E233D53B00091F622 /* ContentView.swift */,
				F6CDF789233D53B00091F622 /* SceneDelegate.swift */,
				F6CDF790233D53B10091F622 /* Assets.xcassets */,
				F6CDF795233D53B10091F622 /* LaunchScreen.storyboard */,
				F6CDF798233D53B10091F622 /* Info.plist */,
				F6CDF78B233D53B00091F622 /* dynamicFeed_SwiftUI.xcdatamodeld */,
				F6CDF792233D53B10091F622 /* Preview Content */,
			);
			path = dynamicFeed_SwiftUI;
			sourceTree = "<group>";
		};
		F6CDF792233D53B10091F622 /* Preview Content */ = {
			isa = PBXGroup;
			children = (
				F6CDF793233D53B10091F622 /* Preview Assets.xcassets */,
			);
			path = "Preview Content";
			sourceTree = "<group>";
		};
		F6CDF7A0233D53B10091F622 /* dynamicFeed_SwiftUITests */ = {
			isa = PBXGroup;
			children = (
				F6CDF7A1233D53B10091F622 /* dynamicFeed_SwiftUITests.swift */,
				F6CDF7A3233D53B10091F622 /* Info.plist */,
			);
			path = dynamicFeed_SwiftUITests;
			sourceTree = "<group>";
		};
		F6CDF7AB233D53B10091F622 /* dynamicFeed_SwiftUIUITests */ = {
			isa = PBXGroup;
			children = (
				F6CDF7AC233D53B10091F622 /* dynamicFeed_SwiftUIUITests.swift */,
				F6CDF7AE233D53B10091F622 /* Info.plist */,
			);
			path = dynamicFeed_SwiftUIUITests;
			sourceTree = "<group>";
		};
		F6CDF7BA233E41220091F622 /* Model */ = {
			isa = PBXGroup;
			children = (
			);
			path = Model;
			sourceTree = "<group>";
		};
		F6CDF7BB233E41280091F622 /* View */ = {
			isa = PBXGroup;
			children = (
				F6CDF7BD233E413B0091F622 /* CardView.swift */,
				F6CDF7BF233E42840091F622 /* CertificateView.swift */,
				F6CDF7C1233E4C6E0091F622 /* TitleView.swift */,
				F6CDF7C3233E4CAC0091F622 /* CardBottomView.swift */,
			);
			path = View;
			sourceTree = "<group>";
		};
		F6CDF7BC233E412E0091F622 /* Controller */ = {
			isa = PBXGroup;
			children = (
			);
			path = Controller;
			sourceTree = "<group>";
		};
/* End PBXGroup section */

/* Begin PBXNativeTarget section */
		F6CDF783233D53B00091F622 /* dynamicFeed_SwiftUI */ = {
			isa = PBXNativeTarget;
			buildConfigurationList = F6CDF7B1233D53B10091F622 /* Build configuration list for PBXNativeTarget "dynamicFeed_SwiftUI" */;
			buildPhases = (
				F6CDF780233D53B00091F622 /* Sources */,
				F6CDF781233D53B00091F622 /* Frameworks */,
				F6CDF782233D53B00091F622 /* Resources */,
			);
			buildRules = (
			);
			dependencies = (
			);
			name = dynamicFeed_SwiftUI;
			productName = dynamicFeed_SwiftUI;
			productReference = F6CDF784233D53B00091F622 /* dynamicFeed_SwiftUI.app */;
			productType = "com.apple.product-type.application";
		};
		F6CDF79C233D53B10091F622 /* dynamicFeed_SwiftUITests */ = {
			isa = PBXNativeTarget;
			buildConfigurationList = F6CDF7B4233D53B10091F622 /* Build configuration list for PBXNativeTarget "dynamicFeed_SwiftUITests" */;
			buildPhases = (
				F6CDF799233D53B10091F622 /* Sources */,
				F6CDF79A233D53B10091F622 /* Frameworks */,
				F6CDF79B233D53B10091F622 /* Resources */,
			);
			buildRules = (
			);
			dependencies = (
				F6CDF79F233D53B10091F622 /* PBXTargetDependency */,
			);
			name = dynamicFeed_SwiftUITests;
			productName = dynamicFeed_SwiftUITests;
			productReference = F6CDF79D233D53B10091F622 /* dynamicFeed_SwiftUITests.xctest */;
			productType = "com.apple.product-type.bundle.unit-test";
		};
		F6CDF7A7233D53B10091F622 /* dynamicFeed_SwiftUIUITests */ = {
			isa = PBXNativeTarget;
			buildConfigurationList = F6CDF7B7233D53B10091F622 /* Build configuration list for PBXNativeTarget "dynamicFeed_SwiftUIUITests" */;
			buildPhases = (
				F6CDF7A4233D53B10091F622 /* Sources */,
				F6CDF7A5233D53B10091F622 /* Frameworks */,
				F6CDF7A6233D53B10091F622 /* Resources */,
			);
			buildRules = (
			);
			dependencies = (
				F6CDF7AA233D53B10091F622 /* PBXTargetDependency */,
			);
			name = dynamicFeed_SwiftUIUITests;
			productName = dynamicFeed_SwiftUIUITests;
			productReference = F6CDF7A8233D53B10091F622 /* dynamicFeed_SwiftUIUITests.xctest */;
			productType = "com.apple.product-type.bundle.ui-testing";
		};
/* End PBXNativeTarget section */

/* Begin PBXProject section */
		F6CDF77C233D53B00091F622 /* Project object */ = {
			isa = PBXProject;
			attributes = {
				LastSwiftUpdateCheck = 1100;
				LastUpgradeCheck = 1100;
				ORGANIZATIONNAME = "Max Gillespie";
				TargetAttributes = {
					F6CDF783233D53B00091F622 = {
						CreatedOnToolsVersion = 11.0;
					};
					F6CDF79C233D53B10091F622 = {
						CreatedOnToolsVersion = 11.0;
						TestTargetID = F6CDF783233D53B00091F622;
					};
					F6CDF7A7233D53B10091F622 = {
						CreatedOnToolsVersion = 11.0;
						TestTargetID = F6CDF783233D53B00091F622;
					};
				};
			};
			buildConfigurationList = F6CDF77F233D53B00091F622 /* Build configuration list for PBXProject "dynamicFeed_SwiftUI" */;
			compatibilityVersion = "Xcode 9.3";
			developmentRegion = en;
			hasScannedForEncodings = 0;
			knownRegions = (
				en,
				Base,
			);
			mainGroup = F6CDF77B233D53B00091F622;
			productRefGroup = F6CDF785233D53B00091F622 /* Products */;
			projectDirPath = "";
			projectRoot = "";
			targets = (
				F6CDF783233D53B00091F622 /* dynamicFeed_SwiftUI */,
				F6CDF79C233D53B10091F622 /* dynamicFeed_SwiftUITests */,
				F6CDF7A7233D53B10091F622 /* dynamicFeed_SwiftUIUITests */,
			);
		};
/* End PBXProject section */

/* Begin PBXResourcesBuildPhase section */
		F6CDF782233D53B00091F622 /* Resources */ = {
			isa = PBXResourcesBuildPhase;
			buildActionMask = 2147483647;
			files = (
				F6CDF797233D53B10091F622 /* LaunchScreen.storyboard in Resources */,
				F6CDF794233D53B10091F622 /* Preview Assets.xcassets in Resources */,
				F6CDF791233D53B10091F622 /* Assets.xcassets in Resources */,
			);
			runOnlyForDeploymentPostprocessing = 0;
		};
		F6CDF79B233D53B10091F622 /* Resources */ = {
			isa = PBXResourcesBuildPhase;
			buildActionMask = 2147483647;
			files = (
			);
			runOnlyForDeploymentPostprocessing = 0;
		};
		F6CDF7A6233D53B10091F622 /* Resources */ = {
			isa = PBXResourcesBuildPhase;
			buildActionMask = 2147483647;
			files = (
			);
			runOnlyForDeploymentPostprocessing = 0;
		};
/* End PBXResourcesBuildPhase section */

/* Begin PBXSourcesBuildPhase section */
		F6CDF780233D53B00091F622 /* Sources */ = {
			isa = PBXSourcesBuildPhase;
			buildActionMask = 2147483647;
			files = (
				F6CDF788233D53B00091F622 /* AppDelegate.swift in Sources */,
				F6CDF7C4233E4CAC0091F622 /* CardBottomView.swift in Sources */,
				F6CDF78D233D53B00091F622 /* dynamicFeed_SwiftUI.xcdatamodeld in Sources */,
				F6CDF7C0233E42840091F622 /* CertificateView.swift in Sources */,
				F6CDF7C2233E4C6E0091F622 /* TitleView.swift in Sources */,
				F6CDF78F233D53B00091F622 /* ContentView.swift in Sources */,
				F6CDF78A233D53B00091F622 /* SceneDelegate.swift in Sources */,
				F6CDF7BE233E413B0091F622 /* CardView.swift in Sources */,
			);
			runOnlyForDeploymentPostprocessing = 0;
		};
		F6CDF799233D53B10091F622 /* Sources */ = {
			isa = PBXSourcesBuildPhase;
			buildActionMask = 2147483647;
			files = (
				F6CDF7A2233D53B10091F622 /* dynamicFeed_SwiftUITests.swift in Sources */,
			);
			runOnlyForDeploymentPostprocessing = 0;
		};
		F6CDF7A4233D53B10091F622 /* Sources */ = {
			isa = PBXSourcesBuildPhase;
			buildActionMask = 2147483647;
			files = (
				F6CDF7AD233D53B10091F622 /* dynamicFeed_SwiftUIUITests.swift in Sources */,
			);
			runOnlyForDeploymentPostprocessing = 0;
		};
/* End PBXSourcesBuildPhase section */

/* Begin PBXTargetDependency section */
		F6CDF79F233D53B10091F622 /* PBXTargetDependency */ = {
			isa = PBXTargetDependency;
			target = F6CDF783233D53B00091F622 /* dynamicFeed_SwiftUI */;
			targetProxy = F6CDF79E233D53B10091F622 /* PBXContainerItemProxy */;
		};
		F6CDF7AA233D53B10091F622 /* PBXTargetDependency */ = {
			isa = PBXTargetDependency;
			target = F6CDF783233D53B00091F622 /* dynamicFeed_SwiftUI */;
			targetProxy = F6CDF7A9233D53B10091F622 /* PBXContainerItemProxy */;
		};
/* End PBXTargetDependency section */

/* Begin PBXVariantGroup section */
		F6CDF795233D53B10091F622 /* LaunchScreen.storyboard */ = {
			isa = PBXVariantGroup;
			children = (
				F6CDF796233D53B10091F622 /* Base */,
			);
			name = LaunchScreen.storyboard;
			sourceTree = "<group>";
		};
/* End PBXVariantGroup section */

/* Begin XCBuildConfiguration section */
		F6CDF7AF233D53B10091F622 /* Debug */ = {
			isa = XCBuildConfiguration;
			buildSettings = {
				ALWAYS_SEARCH_USER_PATHS = NO;
				CLANG_ANALYZER_NONNULL = YES;
				CLANG_ANALYZER_NUMBER_OBJECT_CONVERSION = YES_AGGRESSIVE;
				CLANG_CXX_LANGUAGE_STANDARD = "gnu++14";
				CLANG_CXX_LIBRARY = "libc++";
				CLANG_ENABLE_MODULES = YES;
				CLANG_ENABLE_OBJC_ARC = YES;
				CLANG_ENABLE_OBJC_WEAK = YES;
				CLANG_WARN_BLOCK_CAPTURE_AUTORELEASING = YES;
				CLANG_WARN_BOOL_CONVERSION = YES;
				CLANG_WARN_COMMA = YES;
				CLANG_WARN_CONSTANT_CONVERSION = YES;
				CLANG_WARN_DEPRECATED_OBJC_IMPLEMENTATIONS = YES;
				CLANG_WARN_DIRECT_OBJC_ISA_USAGE = YES_ERROR;
				CLANG_WARN_DOCUMENTATION_COMMENTS = YES;
				CLANG_WARN_EMPTY_BODY = YES;
				CLANG_WARN_ENUM_CONVERSION = YES;
				CLANG_WARN_INFINITE_RECURSION = YES;
				CLANG_WARN_INT_CONVERSION = YES;
				CLANG_WARN_NON_LITERAL_NULL_CONVERSION = YES;
				CLANG_WARN_OBJC_IMPLICIT_RETAIN_SELF = YES;
				CLANG_WARN_OBJC_LITERAL_CONVERSION = YES;
				CLANG_WARN_OBJC_ROOT_CLASS = YES_ERROR;
				CLANG_WARN_RANGE_LOOP_ANALYSIS = YES;
				CLANG_WARN_STRICT_PROTOTYPES = YES;
				CLANG_WARN_SUSPICIOUS_MOVE = YES;
				CLANG_WARN_UNGUARDED_AVAILABILITY = YES_AGGRESSIVE;
				CLANG_WARN_UNREACHABLE_CODE = YES;
				CLANG_WARN__DUPLICATE_METHOD_MATCH = YES;
				COPY_PHASE_STRIP = NO;
				DEBUG_INFORMATION_FORMAT = dwarf;
				ENABLE_STRICT_OBJC_MSGSEND = YES;
				ENABLE_TESTABILITY = YES;
				GCC_C_LANGUAGE_STANDARD = gnu11;
				GCC_DYNAMIC_NO_PIC = NO;
				GCC_NO_COMMON_BLOCKS = YES;
				GCC_OPTIMIZATION_LEVEL = 0;
				GCC_PREPROCESSOR_DEFINITIONS = (
					"DEBUG=1",
					"$(inherited)",
				);
				GCC_WARN_64_TO_32_BIT_CONVERSION = YES;
				GCC_WARN_ABOUT_RETURN_TYPE = YES_ERROR;
				GCC_WARN_UNDECLARED_SELECTOR = YES;
				GCC_WARN_UNINITIALIZED_AUTOS = YES_AGGRESSIVE;
				GCC_WARN_UNUSED_FUNCTION = YES;
				GCC_WARN_UNUSED_VARIABLE = YES;
				IPHONEOS_DEPLOYMENT_TARGET = 13.0;
				MTL_ENABLE_DEBUG_INFO = INCLUDE_SOURCE;
				MTL_FAST_MATH = YES;
				ONLY_ACTIVE_ARCH = YES;
				SDKROOT = iphoneos;
				SWIFT_ACTIVE_COMPILATION_CONDITIONS = DEBUG;
				SWIFT_OPTIMIZATION_LEVEL = "-Onone";
			};
			name = Debug;
		};
		F6CDF7B0233D53B10091F622 /* Release */ = {
			isa = XCBuildConfiguration;
			buildSettings = {
				ALWAYS_SEARCH_USER_PATHS = NO;
				CLANG_ANALYZER_NONNULL = YES;
				CLANG_ANALYZER_NUMBER_OBJECT_CONVERSION = YES_AGGRESSIVE;
				CLANG_CXX_LANGUAGE_STANDARD = "gnu++14";
				CLANG_CXX_LIBRARY = "libc++";
				CLANG_ENABLE_MODULES = YES;
				CLANG_ENABLE_OBJC_ARC = YES;
				CLANG_ENABLE_OBJC_WEAK = YES;
				CLANG_WARN_BLOCK_CAPTURE_AUTORELEASING = YES;
				CLANG_WARN_BOOL_CONVERSION = YES;
				CLANG_WARN_COMMA = YES;
				CLANG_WARN_CONSTANT_CONVERSION = YES;
				CLANG_WARN_DEPRECATED_OBJC_IMPLEMENTATIONS = YES;
				CLANG_WARN_DIRECT_OBJC_ISA_USAGE = YES_ERROR;
				CLANG_WARN_DOCUMENTATION_COMMENTS = YES;
				CLANG_WARN_EMPTY_BODY = YES;
				CLANG_WARN_ENUM_CONVERSION = YES;
				CLANG_WARN_INFINITE_RECURSION = YES;
				CLANG_WARN_INT_CONVERSION = YES;
				CLANG_WARN_NON_LITERAL_NULL_CONVERSION = YES;
				CLANG_WARN_OBJC_IMPLICIT_RETAIN_SELF = YES;
				CLANG_WARN_OBJC_LITERAL_CONVERSION = YES;
				CLANG_WARN_OBJC_ROOT_CLASS = YES_ERROR;
				CLANG_WARN_RANGE_LOOP_ANALYSIS = YES;
				CLANG_WARN_STRICT_PROTOTYPES = YES;
				CLANG_WARN_SUSPICIOUS_MOVE = YES;
				CLANG_WARN_UNGUARDED_AVAILABILITY = YES_AGGRESSIVE;
				CLANG_WARN_UNREACHABLE_CODE = YES;
				CLANG_WARN__DUPLICATE_METHOD_MATCH = YES;
				COPY_PHASE_STRIP = NO;
				DEBUG_INFORMATION_FORMAT = "dwarf-with-dsym";
				ENABLE_NS_ASSERTIONS = NO;
				ENABLE_STRICT_OBJC_MSGSEND = YES;
				GCC_C_LANGUAGE_STANDARD = gnu11;
				GCC_NO_COMMON_BLOCKS = YES;
				GCC_WARN_64_TO_32_BIT_CONVERSION = YES;
				GCC_WARN_ABOUT_RETURN_TYPE = YES_ERROR;
				GCC_WARN_UNDECLARED_SELECTOR = YES;
				GCC_WARN_UNINITIALIZED_AUTOS = YES_AGGRESSIVE;
				GCC_WARN_UNUSED_FUNCTION = YES;
				GCC_WARN_UNUSED_VARIABLE = YES;
				IPHONEOS_DEPLOYMENT_TARGET = 13.0;
				MTL_ENABLE_DEBUG_INFO = NO;
				MTL_FAST_MATH = YES;
				SDKROOT = iphoneos;
				SWIFT_COMPILATION_MODE = wholemodule;
				SWIFT_OPTIMIZATION_LEVEL = "-O";
				VALIDATE_PRODUCT = YES;
			};
			name = Release;
		};
		F6CDF7B2233D53B10091F622 /* Debug */ = {
			isa = XCBuildConfiguration;
			buildSettings = {
				ASSETCATALOG_COMPILER_APPICON_NAME = AppIcon;
				CODE_SIGN_STYLE = Automatic;
				DEVELOPMENT_ASSET_PATHS = "\"dynamicFeed_SwiftUI/Preview Content\"";
				DEVELOPMENT_TEAM = Q7TC672PPY;
				ENABLE_PREVIEWS = YES;
				INFOPLIST_FILE = dynamicFeed_SwiftUI/Info.plist;
				LD_RUNPATH_SEARCH_PATHS = (
					"$(inherited)",
					"@executable_path/Frameworks",
				);
				PRODUCT_BUNDLE_IDENTIFIER = "Max-Gillespie.dynamicFeed-SwiftUI";
				PRODUCT_NAME = "$(TARGET_NAME)";
				SWIFT_VERSION = 5.0;
				TARGETED_DEVICE_FAMILY = "1,2";
			};
			name = Debug;
		};
		F6CDF7B3233D53B10091F622 /* Release */ = {
			isa = XCBuildConfiguration;
			buildSettings = {
				ASSETCATALOG_COMPILER_APPICON_NAME = AppIcon;
				CODE_SIGN_STYLE = Automatic;
				DEVELOPMENT_ASSET_PATHS = "\"dynamicFeed_SwiftUI/Preview Content\"";
				DEVELOPMENT_TEAM = Q7TC672PPY;
				ENABLE_PREVIEWS = YES;
				INFOPLIST_FILE = dynamicFeed_SwiftUI/Info.plist;
				LD_RUNPATH_SEARCH_PATHS = (
					"$(inherited)",
					"@executable_path/Frameworks",
				);
				PRODUCT_BUNDLE_IDENTIFIER = "Max-Gillespie.dynamicFeed-SwiftUI";
				PRODUCT_NAME = "$(TARGET_NAME)";
				SWIFT_VERSION = 5.0;
				TARGETED_DEVICE_FAMILY = "1,2";
			};
			name = Release;
		};
		F6CDF7B5233D53B10091F622 /* Debug */ = {
			isa = XCBuildConfiguration;
			buildSettings = {
				ALWAYS_EMBED_SWIFT_STANDARD_LIBRARIES = YES;
				BUNDLE_LOADER = "$(TEST_HOST)";
				CODE_SIGN_STYLE = Automatic;
				DEVELOPMENT_TEAM = Q7TC672PPY;
				INFOPLIST_FILE = dynamicFeed_SwiftUITests/Info.plist;
				IPHONEOS_DEPLOYMENT_TARGET = 13.0;
				LD_RUNPATH_SEARCH_PATHS = (
					"$(inherited)",
					"@executable_path/Frameworks",
					"@loader_path/Frameworks",
				);
				PRODUCT_BUNDLE_IDENTIFIER = "Max-Gillespie.dynamicFeed-SwiftUITests";
				PRODUCT_NAME = "$(TARGET_NAME)";
				SWIFT_VERSION = 5.0;
				TARGETED_DEVICE_FAMILY = "1,2";
				TEST_HOST = "$(BUILT_PRODUCTS_DIR)/dynamicFeed_SwiftUI.app/dynamicFeed_SwiftUI";
			};
			name = Debug;
		};
		F6CDF7B6233D53B10091F622 /* Release */ = {
			isa = XCBuildConfiguration;
			buildSettings = {
				ALWAYS_EMBED_SWIFT_STANDARD_LIBRARIES = YES;
				BUNDLE_LOADER = "$(TEST_HOST)";
				CODE_SIGN_STYLE = Automatic;
				DEVELOPMENT_TEAM = Q7TC672PPY;
				INFOPLIST_FILE = dynamicFeed_SwiftUITests/Info.plist;
				IPHONEOS_DEPLOYMENT_TARGET = 13.0;
				LD_RUNPATH_SEARCH_PATHS = (
					"$(inherited)",
					"@executable_path/Frameworks",
					"@loader_path/Frameworks",
				);
				PRODUCT_BUNDLE_IDENTIFIER = "Max-Gillespie.dynamicFeed-SwiftUITests";
				PRODUCT_NAME = "$(TARGET_NAME)";
				SWIFT_VERSION = 5.0;
				TARGETED_DEVICE_FAMILY = "1,2";
				TEST_HOST = "$(BUILT_PRODUCTS_DIR)/dynamicFeed_SwiftUI.app/dynamicFeed_SwiftUI";
			};
			name = Release;
		};
		F6CDF7B8233D53B10091F622 /* Debug */ = {
			isa = XCBuildConfiguration;
			buildSettings = {
				ALWAYS_EMBED_SWIFT_STANDARD_LIBRARIES = YES;
				CODE_SIGN_STYLE = Automatic;
				DEVELOPMENT_TEAM = Q7TC672PPY;
				INFOPLIST_FILE = dynamicFeed_SwiftUIUITests/Info.plist;
				LD_RUNPATH_SEARCH_PATHS = (
					"$(inherited)",
					"@executable_path/Frameworks",
					"@loader_path/Frameworks",
				);
				PRODUCT_BUNDLE_IDENTIFIER = "Max-Gillespie.dynamicFeed-SwiftUIUITests";
				PRODUCT_NAME = "$(TARGET_NAME)";
				SWIFT_VERSION = 5.0;
				TARGETED_DEVICE_FAMILY = "1,2";
				TEST_TARGET_NAME = dynamicFeed_SwiftUI;
			};
			name = Debug;
		};
		F6CDF7B9233D53B10091F622 /* Release */ = {
			isa = XCBuildConfiguration;
			buildSettings = {
				ALWAYS_EMBED_SWIFT_STANDARD_LIBRARIES = YES;
				CODE_SIGN_STYLE = Automatic;
				DEVELOPMENT_TEAM = Q7TC672PPY;
				INFOPLIST_FILE = dynamicFeed_SwiftUIUITests/Info.plist;
				LD_RUNPATH_SEARCH_PATHS = (
					"$(inherited)",
					"@executable_path/Frameworks",
					"@loader_path/Frameworks",
				);
				PRODUCT_BUNDLE_IDENTIFIER = "Max-Gillespie.dynamicFeed-SwiftUIUITests";
				PRODUCT_NAME = "$(TARGET_NAME)";
				SWIFT_VERSION = 5.0;
				TARGETED_DEVICE_FAMILY = "1,2";
				TEST_TARGET_NAME = dynamicFeed_SwiftUI;
			};
			name = Release;
		};
/* End XCBuildConfiguration section */

/* Begin XCConfigurationList section */
		F6CDF77F233D53B00091F622 /* Build configuration list for PBXProject "dynamicFeed_SwiftUI" */ = {
			isa = XCConfigurationList;
			buildConfigurations = (
				F6CDF7AF233D53B10091F622 /* Debug */,
				F6CDF7B0233D53B10091F622 /* Release */,
			);
			defaultConfigurationIsVisible = 0;
			defaultConfigurationName = Release;
		};
		F6CDF7B1233D53B10091F622 /* Build configuration list for PBXNativeTarget "dynamicFeed_SwiftUI" */ = {
			isa = XCConfigurationList;
			buildConfigurations = (
				F6CDF7B2233D53B10091F622 /* Debug */,
				F6CDF7B3233D53B10091F622 /* Release */,
			);
			defaultConfigurationIsVisible = 0;
			defaultConfigurationName = Release;
		};
		F6CDF7B4233D53B10091F622 /* Build configuration list for PBXNativeTarget "dynamicFeed_SwiftUITests" */ = {
			isa = XCConfigurationList;
			buildConfigurations = (
				F6CDF7B5233D53B10091F622 /* Debug */,
				F6CDF7B6233D53B10091F622 /* Release */,
			);
			defaultConfigurationIsVisible = 0;
			defaultConfigurationName = Release;
		};
		F6CDF7B7233D53B10091F622 /* Build configuration list for PBXNativeTarget "dynamicFeed_SwiftUIUITests" */ = {
			isa = XCConfigurationList;
			buildConfigurations = (
				F6CDF7B8233D53B10091F622 /* Debug */,
				F6CDF7B9233D53B10091F622 /* Release */,
			);
			defaultConfigurationIsVisible = 0;
			defaultConfigurationName = Release;
		};
/* End XCConfigurationList section */

/* Begin XCVersionGroup section */
		F6CDF78B233D53B00091F622 /* dynamicFeed_SwiftUI.xcdatamodeld */ = {
			isa = XCVersionGroup;
			children = (
				F6CDF78C233D53B00091F622 /* dynamicFeed_SwiftUI.xcdatamodel */,
			);
			currentVersion = F6CDF78C233D53B00091F622 /* dynamicFeed_SwiftUI.xcdatamodel */;
			path = dynamicFeed_SwiftUI.xcdatamodeld;
			sourceTree = "<group>";
			versionGroupType = wrapper.xcdatamodel;
		};
/* End XCVersionGroup section */
	};
	rootObject = F6CDF77C233D53B00091F622 /* Project object */;
}
